
Microsoft Visual Studio Solution File, Format Version 12.00
# Visual Studio Version 17
VisualStudioVersion = 17.14.36310.24 d17.14
MinimumVisualStudioVersion = 10.0.40219.1
Project("{FAE04EC0-301F-11D3-BF4B-00C04F79EFBC}") = "Maths Game - C# Academy", "Maths Game - C# Academy\Maths Game - C# Academy.csproj", "{46BCF009-7424-493B-8733-29995038AF99}"
EndProject
Global
	GlobalSection(SolutionConfigurationPlatforms) = preSolution
		Debug|Any CPU = Debug|Any CPU
		Release|Any CPU = Release|Any CPU
	EndGlobalSection
	GlobalSection(ProjectConfigurationPlatforms) = postSolution
		{46BCF009-7424-493B-8733-29995038AF99}.Debug|Any CPU.ActiveCfg = Debug|Any CPU
		{46BCF009-7424-493B-8733-29995038AF99}.Debug|Any CPU.Build.0 = Debug|Any CPU
		{46BCF009-7424-493B-8733-29995038AF99}.Release|Any CPU.ActiveCfg = Release|Any CPU
		{46BCF009-7424-493B-8733-29995038AF99}.Release|Any CPU.Build.0 = Release|Any CPU
	EndGlobalSection
	GlobalSection(SolutionProperties) = preSolution
		HideSolutionNode = FALSE
	EndGlobalSection
	GlobalSection(ExtensibilityGlobals) = postSolution
		SolutionGuid = {BB7CB3A3-A331-47BF-BC3E-F8B1B7575211}
	EndGlobalSection
EndGlobal
